{
    "_meta": {
        "hash": {
            "sha256": "94554aadc08aba581840a15da285647d4d8c73861d2734bff5c22f67bc108683"
        },
        "pipfile-spec": 6,
        "requires": {},
        "sources": [
            {
                "name": "pypi",
                "url": "https://pypi.python.org/simple",
                "verify_ssl": true
            }
        ]
    },
    "default": {
        "certifi": {
            "hashes": [
                "sha256:35824b4c3a97115964b408844d64aa14db1cc518f6562e8d7261699d1350a9e3",
                "sha256:4ad3232f5e926d6718ec31cfc1fcadfde020920e278684144551c91769c7bc18"
            ],
            "index": "pypi",
            "version": "==2022.12.7"
        },
        "chardet": {
            "hashes": [
                "sha256:84ab92ed1c4d4f16916e05906b6b75a6c0fb5db821cc65e70cbd64a3e2a5eaae",
                "sha256:fc323ffcaeaed0e0a02bf4d117757b98aed530d9ed4531e3e15460124c106691"
            ],
            "version": "==3.0.4"
        },
        "django": {
            "hashes": [
                "sha256:7f246078d5a546f63c28fc03ce71f4d7a23677ce42109219c24c9ffb28416137",
                "sha256:ea50d85709708621d956187c6b61d9f9ce155007b496dd914fdb35db8d790aec"
            ],
            "index": "pypi",
            "version": "==2.1"
        },
        "django-admin-sortable2": {
            "hashes": [
                "sha256:f91f5c926137835efd40ff5d69166e0fd0f4c3f5fafb32cd83b3286bd08e7103"
            ],
            "index": "pypi",
            "version": "==0.6.16"
        },
        "django-bootstrap3": {
            "hashes": [
                "sha256:a6fb9a1d86c7c6f80be52dd05fdbdc418032caf2b0b147a47819eadd9757f9d7"
            ],
            "version": "==9.0.0"
        },
        "django-colorfield": {
            "hashes": [
                "sha256:c4435b4fead2bb1113e97dc21390ac843a3d942d5ad6f4b1a23644a208f5e9ed",
                "sha256:ea72e1ce422c3516df0d2d590516e96127ff6462837fffbf0d51a0a34d05d517"
            ],
            "version": "==0.1.17"
        },
        "django-editorial-staff": {
            "hashes": [
                "sha256:413fdd62ca654ff979a613a2902c9cdf1c54297b27ff678a696d54a097de4269",
                "sha256:50a85280004e4468290fb5afc082937cfbfe234069bf4c751a64d4af11fe6e22"
            ],
            "index": "pypi",
            "version": "==0.7.4"
        },
        "django-filter": {
            "hashes": [
                "sha256:6ef1611aeacfda8f13a075a992ff65687afbd5cc8fcb0f3f1563a9ad4fe2d1b0",
                "sha256:e44620d4e707beaff7396ac8df765dc015a07467df813b9c1663fe4017934b58"
            ],
            "index": "pypi",
            "version": "==1.0.4"
        },
        "djangorestframework": {
            "hashes": [
                "sha256:0f9bfbac702f3376dfb2db4971ad8af4e066bfa35393b1b85e085f7e8b91189a",
                "sha256:de8ac68b3cf6dd41b98e01dcc92dc0022a5958f096eafc181a17fa975d18ca42"
            ],
            "index": "pypi",
            "version": "==3.6.4"
        },
        "djangorestframework-camel-case": {
            "hashes": [
                "sha256:989c5c2d0324069fc1ecea4a5cb8913749d5f2f3c507b38977913ff1b76a719e"
            ],
            "index": "pypi",
            "version": "==0.2.0"
        },
        "doublemetaphone": {
            "hashes": [
                "sha256:0ac057e8674e0aaf5b247beb3e2f5f7a2f61887f19f7e15df672fc83197fdd03",
                "sha256:0e42aecb4ef275f5d2a6b34bee180739df40f08a17cefdb215bef002e3231c42",
                "sha256:1057bba7177d409a73a8ecd9dcd71a7957808b3e12401e6d60e66c3d8d7439e9",
                "sha256:133d91f0911c08b7ba1e953d04d25949f1da1c8ea82af8ec8efe0eaf81ef4cdc",
                "sha256:13a93575dd1261d4175d0552c2b423bd99316357c880ed345a839da0303ddbc1",
                "sha256:18318b45a2c945bbc1f44640788d66122563ba19824b714ccca50780b842249c",
                "sha256:18d1d2e9d583ade6fcda92fc04e8620331722763233ecf5f6005ccc76361bce0",
                "sha256:1f7873201ee45060b37a034d0a43536d6015c9bef3717b161ddb780754b60c0f",
                "sha256:209b2021155fd0efd86ff127feb0c952ab53568397e9cc43fc18b7b1c3755983",
                "sha256:2b913e28c807fff4c1a88061751ae93a268fc5cb85d32927b200c4b1c23e486c",
                "sha256:36989a8766751b131a23a15717e39bf504908df06ba60026cbae31c950192533",
                "sha256:36fd26100f05e5ff8903f4e69649542a6b3d237b71d0cd96f8e0929c61be06f0",
                "sha256:38e9e5c3638f46d7585f5119f9cc8b2d2e56c59a80d2ae6e0618238debe74d43",
                "sha256:449ed1dead21e3847d59dacb1bfeb96a911d3ee827fb8439d67a34e54ba7b04d",
                "sha256:47f91b6d54b75e41a0e4c4ed6b4dbf0b64bd8c08239cf5d4dd75f76d1c6aae30",
                "sha256:4cfe99954df4aa6895349781734a207513219520af16aafd46446877d66ae558",
                "sha256:51cbe1ec26498fd631f6e3b599ba2473a072541461b391ad78ae5b255de27aab",
                "sha256:534cd1575e1c6c6c21b47db138b5eaf640735baff7a8e15d1516f5edce1edd6a",
                "sha256:53c5b64c255dea2815dee15f0dfaee3b89595bbfd83826902628f0e439914820",
                "sha256:557cc9b21f4e2257e4f404859a015ef8ed11713cdffad3446d919d6963e0f8a8",
                "sha256:5a173690939dbad37206e1df78e3093f8acc5e5caaade01f95a20461dce1849a",
                "sha256:66f8400236a804c8e446b1b3955f7b1cced118b058d4747804de4a7a9aa4e9f8",
                "sha256:6cc74777c9e9b8eba0c15181f17f2c1854ae838abe61c3fafe22c28702b999d7",
                "sha256:77029daa26bc22c2dd8d8928eb5e7ded90f1bf70519016b73de3751bdbc55e9e",
                "sha256:77e69bd9fee97f26c7d5ce5c75fbc981a3fbde8876591721e70139a12958c0b9",
                "sha256:78e4c9cb3d616bfa5f465a05e6104db161776110a5f46e1f9d2f8d9f91cd1519",
                "sha256:7e2ad55d9343fe2d7004e4aaa6da10d743ebe9c51b6672d8aa5f3f1e072049b5",
                "sha256:892112a20047a0986d409d790047fd1b392554863307e3b2d02213cde52c748a",
                "sha256:8e35454c366b609f365ac15727b9e3a288cd0373aa30603fda7675016c032dca",
                "sha256:8e921aed4453be6e5fe4408f72dfe707d390082c1c093b7340862f1e2146d933",
                "sha256:974fe7f24881ccbd0ca68e1580d5561b27176b41e3fc7a360db8bb44608b721b",
                "sha256:97a03ea3de818600ffd22ca52509065e3b9c702d9fa84c3021e752ae69d6e71f",
                "sha256:a14c5760f959d12b47d3b6b8bf1eab4b2b566bb393dff0e93151778e96f7f9c8",
                "sha256:a579b5dc2db3ea1613238b9a06fd1077a600ce88e858ecb0a7b07060a1e90909",
                "sha256:a79ae04e709ef33a408a1d43170695980414abede4863526c42d0047bb1538eb",
                "sha256:aa4fba139bb8ddb3b98ded4dccbf1416202bfa41a716488c4afb0c98555296f6",
                "sha256:ae91d46f386dd92da0545b5d913138bc8ed38c2517bd2e0cda55ed94f61d2275",
                "sha256:b6d29cf7aa3969be0b6e74244edc52f29ccb47d8d7e5fc9265ca398d3774deb8",
                "sha256:b7bf1e0b63c78c01ff6d914b7739df407a617b9d05a210371d0e3a68d0fe1b8d",
                "sha256:bb03494a30b3aedf3ab7dcc9892f28cb2bdf390fd8edbf31e77064157a78cc89",
                "sha256:c344540cac82504ed45622ba461c762a331880a7144095adb10ea78067fa06e4",
                "sha256:c5eb8b123777177096371e464e5f07a8184a96db50e5a2073de210b8a84873b4",
                "sha256:cb25c36af7fd44c68ffb8f0fb7778676d726919e7a656a67f5aa192ef88e9d1e",
                "sha256:cbde63c7e155e2774bc1055a05b26d83d947f903bc78bb918ae4a2eda5248ba3",
                "sha256:cd185dbc18347accb5a27c1289a6bdc989a479294a74f41c42a6cb0b414e5379",
                "sha256:d1ec804224d2361a5ef2b408177ec65e4a7a49a28d934e3c919ee6487763566e",
                "sha256:d87851bf507dce2bdf01cdc299d12a21746ea8aff668dea0b6d768bdfa2dff71",
                "sha256:e07df5226d0e7e25150f6b9ca8af66a1228684d1b8e627ab95ce217e5d02af59",
                "sha256:e2143a570df80bb1596f20c8573d638deb5672f5f73410c14a12b7880e247918",
                "sha256:e4381cf5cba1fd9205654104330b0fb84f66c84cce56c0cb2316d1f37c67f773",
                "sha256:e551c98fe7c65d445b972be207673a1192e9f2121266fa075da1989f6ebf8ab1",
                "sha256:ea3ce737506b91b6e2ed46f41e29ca11a188cdfd5f54606d60b8e86e09bd81a1",
                "sha256:f3892108a595cf8393b4bb4791d635fa18d0553f7a4e84343b8047e49d96d7be",
                "sha256:f532145363c797bbdf1774d86e0838f4254a570edbb8fe986868df2e10076888",
                "sha256:fc067fd34b51301d459fdceef8183ecbe5cc88f3d59de436dcb19be627525513",
                "sha256:fd2f6530fec276969067f15824ffda4fee23cda5f26ffd0eee2cdfb996195976",
                "sha256:fd43a478ed1a0ca13e624cc4e9da0a0621f96977fd639b02373c22a6598a952a"
            ],
            "version": "==1.1"
        },
        "future": {
            "hashes": [
                "sha256:b1bead90b70cf6ec3f0710ae53a525360fa360d306a86583adc6bf83a4db537d"
            ],
            "markers": "python_version >= '2.6' and python_version not in '3.0, 3.1, 3.2, 3.3'",
            "version": "==0.18.2"
        },
        "idna": {
            "hashes": [
                "sha256:156a6814fb5ac1fc6850fb002e0852d56c0c8d2531923a51032d1b70760e186e",
                "sha256:684a38a6f903c1d71d6d5fac066b58d7768af4de2b832e426ec79c30daa94a16"
            ],
            "version": "==2.7"
        },
        "probableparsing": {
            "hashes": [
                "sha256:509df25fdda4fd7c0b2a100f58cc971bd23daf26f3b3320aebf2616d2e10c69e",
                "sha256:8114bbf889e1f9456fe35946454c96e42a6ee2673a90d4f1f9c46a406f543767"
            ],
            "version": "==0.0.1"
        },
        "probablepeople": {
            "hashes": [
                "sha256:3ba4e98fba44b123fc5533c93d634cf76b16462e51d2abbec0761e9451bd2144",
                "sha256:9ee0806a2931536b4c72fb98416529f81c066db23f556ea5281e20d34dd6cbac"
            ],
            "version": "==0.5.4"
        },
        "python-crfsuite": {
            "hashes": [
                "sha256:0e03cf6eba3628717ccf06dfa0f4a2ba8628860adb174cbfd250a7a4692865a1",
                "sha256:0f9cea3e565e61007566dc0c6cd343bcf01cd7acd1545fa9ee847991b9d47f9f",
                "sha256:10dde6fd932e4b8f8f06960f040e99f1cb30d78a8aac57cbe26298b6d124ee9f",
                "sha256:1605803e601d80f40ce0b4af42471c456607cf12d26dc4a91f67a1b2bbf4f333",
                "sha256:18c46286c179e642876364f48d92f42ba5172decaf33409f8b26450744c8dd80",
                "sha256:1bc71a57426e0f18e5616abdc4a9adebca919c3aa9fb3268aa35317c82cd144f",
                "sha256:2210ea3936090d023d6770aa1d3b6ba0831153fda34558c99ee3dfe13000b07d",
                "sha256:2d2bea92593876c007969d86bbc0254f6f31b67a085b3f396311290be750b14b",
                "sha256:2dd8812f432d397d19108217f43b2921b2ec5572df51700b34f3035e280b8936",
                "sha256:50d717e0b92a016c29f949c6d2f3c76c7d4d3ec91fe930642c3c918ee88a12ec",
                "sha256:5192d57955e0fbdcba37751617eb6e6c011aaa865f8580aa2792bda58020fee9",
                "sha256:5d34d6f4ced98dcae4042c01bd53ef555f9cf038f9de4d2d49fac15b2f5339f1",
                "sha256:6315d0e64966406377d240e573fd99d3859c0470cdfe5ba08051ba58b8f05dbb",
                "sha256:65fc199148c33ef5ff98f7c826a902b2b5b812030f1cde86d2914e314770acd0",
                "sha256:66b07c616638967e4f45e0b1124f50c255c9ddd48675a84bc556b657ad9bb109",
                "sha256:683856f9093b00fa8a21e0ce9802bd0b98169c843f120a890e7d8a0ab3490804",
                "sha256:6cea8a2a58294f141e12650a63a595d58c3725e33a536b0b12ab427a555ca355",
                "sha256:7b9919abecb94e83dfa9d1a9637767742901f4b81455a667a9e7224f82685e57",
                "sha256:7d78e7d0af233934e6df864090d754be3d505aad26862156b23f5697c64c6285",
                "sha256:7e648326bb5dcdececb22c198a2d4d71da3d208af97b3cf3185a5e0f92cc657e",
                "sha256:80f6dfe9d3a5a46ac395ef283cb77da54057ca8a77282995500be840f37fac7d",
                "sha256:814c9920a87530c9ab56324cad90f69e703dcf399c51e2660584bfdd30a4213b",
                "sha256:821e35e3c554aef9c09cce5d4134d813c2e0257f662102ebaf6998e891ee82a0",
                "sha256:83f6ac190cbc40f2e618b564772b96d789182c044c9f94749f4c4b07bde8c095",
                "sha256:961e55450b401504d7563a6d5dd2f7ddf799c60284a205342a3c4a9eb0da22fd",
                "sha256:a17a618e48a360180c33d1e48f4880b6e0137b709527b565e694e66de80c5aab",
                "sha256:a3fd4598e4ad61fe7b4b628a6ca677e3b2138f8178d9cf1e9a9ed964bc7c4fae",
                "sha256:a9e8ff97148bd9ef573e785e1b2144b44a731e4ae34730b966f9ff805229afb7",
                "sha256:aa8715f34fcd72b34b16116533b0ee156c55a06eef10950a7afb5fc248c8dd61",
                "sha256:ab8ceb0e3cb681c4b60e947692ad7848d1da58ade4fbcd833ee3fc772e997fb9",
                "sha256:b492353069015887b82ec0dd875abfb89e064b301447eec5ae7a3e56056d46ca",
                "sha256:bcd1f65abcf59a14361162ea16386f4a7953c3be791ab1471887bb3fafed7304",
                "sha256:c79688357ef67efbac619048d69abf61eba4c316423ef20d4d2174afcd7e705d",
                "sha256:cabf91e918a155deccc9116661f3cc6a5e5318674f7e0c63d87880d532bedbfc",
                "sha256:cec973c7a1ef75ebeade4e18607c195c922a0276dabeaa4ba134f8576901d04a",
                "sha256:dbf4cbd1babec759b8a3211c3c50507d5f300fa9b5f0c2be1a03246dd1e4c251",
                "sha256:dd45dedce6e77dc231f3de9999df155da6a43da590fdb73b4511dfe207ba76d4",
                "sha256:e13652ca5855bfe48a75811851ea495897742793834aede18d69ca6b2d2526de",
                "sha256:e9822b867071275594a45b39ad14ae03ee673402e7d1b22ba2a3ead800003708",
                "sha256:e984e3aa4e68a5db671562008373f1a07496cfbd9cfd7c79716f44b3eadf5e9e",
                "sha256:ea22ddcbe62797da0ae86f4a700f6215fd2d45e8a3bd38e92956aa9646e5f277",
                "sha256:ee1bde19390ad97efba4b57d5cb869150f27cd32af36da0f886dca61281c724e",
                "sha256:f1d7d20af284f20f8ccc6e019c82a6ce699c29166f2a49e86b648e892e4e0994",
                "sha256:fa2746f2369e93bae8b9186d0bfe1b397bacdc735bb8f0d87a853c599ddcdfd5",
                "sha256:fbb3997d1d029d4b4ecff6162e739cddcccfdb738672aecc79187c0f3ce311fd",
                "sha256:fc10579037376fb00afc5c7827d4dc16f586ad59061b4f069dd83d75dd5653ae"
            ],
            "version": "==0.9.8"
        },
        "python-dateutil": {
            "hashes": [
                "sha256:891c38b2a02f5bb1be3e4793866c8df49c7d19baabf9c1bad62547e0b4866aca",
                "sha256:95511bae634d69bc7329ba55e646499a842bc4ec342ad54a8cdb65645a0aad3c"
            ],
            "index": "pypi",
            "version": "==2.6.1"
        },
        "pytz": {
            "hashes": [
                "sha256:a061aa0a9e06881eb8b3b2b43f05b9439d6583c206d0a6c340ff72a7b6669053",
                "sha256:ffb9ef1de172603304d9d2819af6f5ece76f2e85ec10692a524dd876e72bf277"
            ],
            "index": "pypi",
            "version": "==2018.5"
        },
        "redis": {
            "hashes": [
                "sha256:8a1900a9f2a0a44ecf6e8b5eb3e967a9909dfed219ad66df094f27f7d6f330fb",
                "sha256:a22ca993cea2962dbb588f9f30d0015ac4afcc45bee27d3978c0dbe9e97c6c0f"
            ],
            "index": "pypi",
            "version": "==2.10.6"
        },
        "requests": {
            "hashes": [
                "sha256:63b52e3c866428a224f97cab011de738c36aec0185aa91cfacd418b5d58911d1",
                "sha256:ec22d826a36ed72a7358ff3fe56cbd4ba69dd7a6718ffd450ff0e9df7a47ce6a"
            ],
            "index": "pypi",
            "version": "==2.19.1"
        },
        "six": {
            "hashes": [
                "sha256:70e8a77beed4562e7f14fe23a786b54f6296e34344c23bc42f07b15018ff98e9",
                "sha256:832dc0e10feb1aa2c68dcc57dbb658f1c7e65b9b61af69048abc87a2db00a0eb"
            ],
            "index": "pypi",
            "version": "==1.11.0"
        },
        "slacker": {
            "hashes": [
                "sha256:646d8fb2ca04858374da1b54e9818f88dc2b254deb0f74bf0f3911773e7eaf94"
            ],
            "version": "==0.9.65"
        },
        "urllib3": {
            "hashes": [
                "sha256:a68ac5e15e76e7e5dd2b8f94007233e01effe3e50e8daddf69acfd81cb686baf",
                "sha256:b5725a0bd4ba422ab0e66e89e030c806576753ea3ee08554382c14e685d117b5"
            ],
            "markers": "python_version >= '2.6' and python_version not in '3.0, 3.1, 3.2, 3.3' and python_version < '4'",
            "version": "==1.23"
        }
    },
    "develop": {
        "backcall": {
            "hashes": [
                "sha256:5cbdbf27be5e7cfadb448baf0aa95508f91f2bbc6c6437cd9cd06e2a4c215e1e",
                "sha256:fbbce6a29f263178a1f7915c1940bde0ec2b2a967566fe1c65c1dfb7422bd255"
            ],
            "version": "==0.2.0"
        },
        "boto": {
            "hashes": [
                "sha256:147758d41ae7240dc989f0039f27da8ca0d53734be0eb869ef16e3adcfa462e8",
                "sha256:ea0d3b40a2d852767be77ca343b58a9e3a4b00d9db440efb8da74b4e58025e5a"
            ],
            "version": "==2.49.0"
        },
        "certifi": {
            "hashes": [
                "sha256:35824b4c3a97115964b408844d64aa14db1cc518f6562e8d7261699d1350a9e3",
                "sha256:4ad3232f5e926d6718ec31cfc1fcadfde020920e278684144551c91769c7bc18"
            ],
            "index": "pypi",
            "version": "==2022.12.7"
        },
        "charset-normalizer": {
            "hashes": [
                "sha256:5a3d016c7c547f69d6f81fb0db9449ce888b418b5b9952cc5e6e66843e9dd845",
                "sha256:83e9a75d1911279afd89352c68b45348559d1fc0506b054b346651b5e7fee29f"
            ],
            "markers": "python_version >= '3.6'",
            "version": "==2.1.1"
        },
        "coverage": {
            "hashes": [
                "sha256:03481e81d558d30d230bc12999e3edffe392d244349a90f4ef9b88425fac74ba",
                "sha256:0b136648de27201056c1869a6c0d4e23f464750fd9a9ba9750b8336a244429ed",
                "sha256:0bf8cbbd71adfff0ef1f3a1531e6402d13b7b01ac50a79c97ca15f030dba6306",
                "sha256:104ab3934abaf5be871a583541e8829d6c19ce7bde2923b2751e0d3ca44db60a",
                "sha256:10a46017fef60e16694a30627319f38a2b9b52e90182dddb6e37dcdab0f4bf95",
                "sha256:15b111b6a0f46ee1a485414a52a7ad1d703bdf984e9ed3c288a4414d3871dcbd",
                "sha256:198626739a79b09fa0a2f06e083ffd12eb55449b5f8bfdbeed1df4910b2ca640",
                "sha256:1c383d2ef13ade2acc636556fd544dba6e14fa30755f26812f54300e401f98f2",
                "sha256:23d341cdd4a0371820eb2b0bd6b88f5003a7438bbedb33688cd33b8eae59affd",
                "sha256:28b2191e7283f4f3568962e373b47ef7f0392993bb6660d079c62bd50fe9d162",
                "sha256:2a5b73210bad5279ddb558d9a2bfedc7f4bf6ad7f3c988641d83c40293deaec1",
                "sha256:2eb564bbf7816a9d68dd3369a510be3327f1c618d2357fa6b1216994c2e3d508",
                "sha256:337ded681dd2ef9ca04ef5d93cfc87e52e09db2594c296b4a0a3662cb1b41249",
                "sha256:3a2184c6d797a125dca8367878d3b9a178b6fdd05fdc2d35d758c3006a1cd694",
                "sha256:3c79a6f7b95751cdebcd9037e4d06f8d5a9b60e4ed0cd231342aa8ad7124882a",
                "sha256:3d72c20bd105022d29b14a7d628462ebdc61de2f303322c0212a054352f3b287",
                "sha256:3eb42bf89a6be7deb64116dd1cc4b08171734d721e7a7e57ad64cc4ef29ed2f1",
                "sha256:4635a184d0bbe537aa185a34193898eee409332a8ccb27eea36f262566585000",
                "sha256:56e448f051a201c5ebbaa86a5efd0ca90d327204d8b059ab25ad0f35fbfd79f1",
                "sha256:5a13ea7911ff5e1796b6d5e4fbbf6952381a611209b736d48e675c2756f3f74e",
                "sha256:69bf008a06b76619d3c3f3b1983f5145c75a305a0fea513aca094cae5c40a8f5",
                "sha256:6bc583dc18d5979dc0f6cec26a8603129de0304d5ae1f17e57a12834e7235062",
                "sha256:701cd6093d63e6b8ad7009d8a92425428bc4d6e7ab8d75efbb665c806c1d79ba",
                "sha256:7608a3dd5d73cb06c531b8925e0ef8d3de31fed2544a7de6c63960a1e73ea4bc",
                "sha256:76ecd006d1d8f739430ec50cc872889af1f9c1b6b8f48e29941814b09b0fd3cc",
                "sha256:7aa36d2b844a3e4a4b356708d79fd2c260281a7390d678a10b91ca595ddc9e99",
                "sha256:7d3f553904b0c5c016d1dad058a7554c7ac4c91a789fca496e7d8347ad040653",
                "sha256:7e1fe19bd6dce69d9fd159d8e4a80a8f52101380d5d3a4d374b6d3eae0e5de9c",
                "sha256:8c3cb8c35ec4d9506979b4cf90ee9918bc2e49f84189d9bf5c36c0c1119c6558",
                "sha256:9d6dd10d49e01571bf6e147d3b505141ffc093a06756c60b053a859cb2128b1f",
                "sha256:9e112fcbe0148a6fa4f0a02e8d58e94470fc6cb82a5481618fea901699bf34c4",
                "sha256:ac4fef68da01116a5c117eba4dd46f2e06847a497de5ed1d64bb99a5fda1ef91",
                "sha256:b8815995e050764c8610dbc82641807d196927c3dbed207f0a079833ffcf588d",
                "sha256:be6cfcd8053d13f5f5eeb284aa8a814220c3da1b0078fa859011c7fffd86dab9",
                "sha256:c1bb572fab8208c400adaf06a8133ac0712179a334c09224fb11393e920abcdd",
                "sha256:de4418dadaa1c01d497e539210cb6baa015965526ff5afc078c57ca69160108d",
                "sha256:e05cb4d9aad6233d67e0541caa7e511fa4047ed7750ec2510d466e806e0255d6",
                "sha256:e4d96c07229f58cb686120f168276e434660e4358cc9cf3b0464210b04913e77",
                "sha256:f05a636b4564104120111800021a92e43397bc12a5c72fed7036be8556e0029e",
                "sha256:f3f501f345f24383c0000395b26b726e46758b71393267aeae0bd36f8b3ade80",
                "sha256:f8a923a85cb099422ad5a2e345fe877bbc89a8a8b23235824a93488150e45f6e"
            ],
            "index": "pypi",
            "version": "==4.5.1"
        },
        "decorator": {
            "hashes": [
                "sha256:637996211036b6385ef91435e4fae22989472f9d571faba8927ba8253acbc330",
                "sha256:b8c3f85900b9dc423225913c5aace94729fe1fa9763b38939a95226f02d37186"
            ],
            "markers": "python_version >= '3.5'",
            "version": "==5.1.1"
        },
        "dj-database-url": {
            "hashes": [
                "sha256:a6832d8445ee9d788c5baa48aef8130bf61fdc442f7d9a548424d25cd85c9f08",
                "sha256:e16d94c382ea0564c48038fa7fe8d9c890ef1ab1a8ec4cb48e732c124b9482fd"
            ],
            "index": "pypi",
            "version": "==0.4.2"
        },
        "flake8": {
            "hashes": [
                "sha256:7253265f7abd8b313e3892944044a365e3f4ac3fcdcfb4298f55ee9ddf188ba0",
                "sha256:c7841163e2b576d435799169b78703ad6ac1bbb0f199994fc05f700b2a90ea37"
            ],
            "index": "pypi",
            "version": "==3.5.0"
        },
        "freezegun": {
            "hashes": [
                "sha256:703caac155dcaad61f78de4cb0666dca778d854dfb90b3699930adee0559a622",
                "sha256:94c59d69bb99c9ec3ca5a3adb41930d3ea09d2a9756c23a02d89fa75646e78dd"
            ],
            "index": "pypi",
            "version": "==0.3.10"
        },
        "httpretty": {
            "hashes": [
                "sha256:474a72722d66841f0e59cee285d837e1c6263be5be7bf2f8e824fc849a99adda",
                "sha256:77cbd62e20cb47f1c66125531aedcb80c3141dc10c5b24779389693cfc8bc3a2"
            ],
            "version": "==0.8.10"
        },
        "idna": {
            "hashes": [
                "sha256:156a6814fb5ac1fc6850fb002e0852d56c0c8d2531923a51032d1b70760e186e",
                "sha256:684a38a6f903c1d71d6d5fac066b58d7768af4de2b832e426ec79c30daa94a16"
            ],
            "version": "==2.7"
        },
        "ipython": {
            "hashes": [
                "sha256:007dcd929c14631f83daff35df0147ea51d1af420da303fd078343878bd5fb62",
                "sha256:b0f2ef9eada4a68ef63ee10b6dde4f35c840035c50fd24265f8052c98947d5a4"
            ],
            "index": "pypi",
            "version": "==6.5.0"
        },
        "jedi": {
            "hashes": [
                "sha256:203c1fd9d969ab8f2119ec0a3342e0b49910045abe6af0a3ae83a5764d54639e",
                "sha256:bae794c30d07f6d910d32a7048af09b5a39ed740918da923c6b780790ebac612"
            ],
            "markers": "python_version >= '3.6'",
            "version": "==0.18.2"
        },
        "jinja2": {
            "hashes": [
                "sha256:31351a702a408a9e7595a8fc6150fc3f43bb6bf7e319770cbc0db9df9437e852",
                "sha256:6088930bfe239f0e6710546ab9c19c9ef35e29792895fed6e6e31a023a182a61"
            ],
            "markers": "python_version >= '3.7'",
            "version": "==3.1.2"
        },
        "markupsafe": {
            "hashes": [
                "sha256:0212a68688482dc52b2d45013df70d169f542b7394fc744c02a57374a4207003",
                "sha256:089cf3dbf0cd6c100f02945abeb18484bd1ee57a079aefd52cffd17fba910b88",
                "sha256:10c1bfff05d95783da83491be968e8fe789263689c02724e0c691933c52994f5",
                "sha256:33b74d289bd2f5e527beadcaa3f401e0df0a89927c1559c8566c066fa4248ab7",
                "sha256:3799351e2336dc91ea70b034983ee71cf2f9533cdff7c14c90ea126bfd95d65a",
                "sha256:3ce11ee3f23f79dbd06fb3d63e2f6af7b12db1d46932fe7bd8afa259a5996603",
                "sha256:421be9fbf0ffe9ffd7a378aafebbf6f4602d564d34be190fc19a193232fd12b1",
                "sha256:43093fb83d8343aac0b1baa75516da6092f58f41200907ef92448ecab8825135",
                "sha256:46d00d6cfecdde84d40e572d63735ef81423ad31184100411e6e3388d405e247",
                "sha256:4a33dea2b688b3190ee12bd7cfa29d39c9ed176bda40bfa11099a3ce5d3a7ac6",
                "sha256:4b9fe39a2ccc108a4accc2676e77da025ce383c108593d65cc909add5c3bd601",
                "sha256:56442863ed2b06d19c37f94d999035e15ee982988920e12a5b4ba29b62ad1f77",
                "sha256:671cd1187ed5e62818414afe79ed29da836dde67166a9fac6d435873c44fdd02",
                "sha256:694deca8d702d5db21ec83983ce0bb4b26a578e71fbdbd4fdcd387daa90e4d5e",
                "sha256:6a074d34ee7a5ce3effbc526b7083ec9731bb3cbf921bbe1d3005d4d2bdb3a63",
                "sha256:6d0072fea50feec76a4c418096652f2c3238eaa014b2f94aeb1d56a66b41403f",
                "sha256:6fbf47b5d3728c6aea2abb0589b5d30459e369baa772e0f37a0320185e87c980",
                "sha256:7f91197cc9e48f989d12e4e6fbc46495c446636dfc81b9ccf50bb0ec74b91d4b",
                "sha256:86b1f75c4e7c2ac2ccdaec2b9022845dbb81880ca318bb7a0a01fbf7813e3812",
                "sha256:8dc1c72a69aa7e082593c4a203dcf94ddb74bb5c8a731e4e1eb68d031e8498ff",
                "sha256:8e3dcf21f367459434c18e71b2a9532d96547aef8a871872a5bd69a715c15f96",
                "sha256:8e576a51ad59e4bfaac456023a78f6b5e6e7651dcd383bcc3e18d06f9b55d6d1",
                "sha256:96e37a3dc86e80bf81758c152fe66dbf60ed5eca3d26305edf01892257049925",
                "sha256:97a68e6ada378df82bc9f16b800ab77cbf4b2fada0081794318520138c088e4a",
                "sha256:99a2a507ed3ac881b975a2976d59f38c19386d128e7a9a18b7df6fff1fd4c1d6",
                "sha256:a49907dd8420c5685cfa064a1335b6754b74541bbb3706c259c02ed65b644b3e",
                "sha256:b09bf97215625a311f669476f44b8b318b075847b49316d3e28c08e41a7a573f",
                "sha256:b7bd98b796e2b6553da7225aeb61f447f80a1ca64f41d83612e6139ca5213aa4",
                "sha256:b87db4360013327109564f0e591bd2a3b318547bcef31b468a92ee504d07ae4f",
                "sha256:bcb3ed405ed3222f9904899563d6fc492ff75cce56cba05e32eff40e6acbeaa3",
                "sha256:d4306c36ca495956b6d568d276ac11fdd9c30a36f1b6eb928070dc5360b22e1c",
                "sha256:d5ee4f386140395a2c818d149221149c54849dfcfcb9f1debfe07a8b8bd63f9a",
                "sha256:dda30ba7e87fbbb7eab1ec9f58678558fd9a6b8b853530e176eabd064da81417",
                "sha256:e04e26803c9c3851c931eac40c695602c6295b8d432cbe78609649ad9bd2da8a",
                "sha256:e1c0b87e09fa55a220f058d1d49d3fb8df88fbfab58558f1198e08c1e1de842a",
                "sha256:e72591e9ecd94d7feb70c1cbd7be7b3ebea3f548870aa91e2732960fa4d57a37",
                "sha256:e8c843bbcda3a2f1e3c2ab25913c80a3c5376cd00c6e8c4a86a89a28c8dc5452",
                "sha256:efc1913fd2ca4f334418481c7e595c00aad186563bbc1ec76067848c7ca0a933",
                "sha256:f121a1420d4e173a5d96e47e9a0c0dcff965afdf1626d28de1460815f7c4ee7a",
                "sha256:fc7b548b17d238737688817ab67deebb30e8073c95749d55538ed473130ec0c7"
            ],
            "markers": "python_version >= '3.7'",
            "version": "==2.1.1"
        },
        "mccabe": {
            "hashes": [
                "sha256:ab8a6258860da4b6677da4bd2fe5dc2c659cff31b3ee4f7f5d64e79735b80d42",
                "sha256:dd8d182285a0fe56bace7f45b5e7d1a6ebcbf524e8f3bd87eb0f125271b8831f"
            ],
            "version": "==0.6.1"
        },
        "mock": {
            "hashes": [
                "sha256:5ce3c71c5545b472da17b72268978914d0252980348636840bd34a00b5cc96c1",
                "sha256:b158b6df76edd239b8208d481dc46b6afd45a846b7812ff0ce58971cf5bc8bba"
            ],
            "index": "pypi",
            "version": "==2.0.0"
        },
        "moto": {
            "hashes": [
                "sha256:28437d44402d1695042d37a1091556add7a25edeb435a0f46cffff4abe8348a7",
                "sha256:80d09bcaf72583492b74304027691f2c26020d3ab6b72ab11fd93be1f08a8929"
            ],
            "index": "pypi",
            "version": "==0.4.31"
        },
        "parso": {
            "hashes": [
                "sha256:8c07be290bb59f03588915921e29e8a50002acaf2cdc5fa0e0114f91709fafa0",
                "sha256:c001d4636cd3aecdaf33cbb40aebb59b094be2a74c556778ef5576c175e19e75"
            ],
            "markers": "python_version >= '3.6'",
            "version": "==0.8.3"
        },
        "pbr": {
            "hashes": [
                "sha256:b97bc6695b2aff02144133c2e7399d5885223d42b7912ffaec2ca3898e673bfe",
                "sha256:db2317ff07c84c4c63648c9064a79fe9d9f5c7ce85a9099d4b6258b3db83225a"
            ],
            "markers": "python_version >= '2.6'",
            "version": "==5.11.0"
        },
        "pexpect": {
            "hashes": [
                "sha256:0b48a55dcb3c05f3329815901ea4fc1537514d6ba867a152b581d69ae3710937",
                "sha256:fc65a43959d153d0114afe13997d439c22823a27cefceb5ff35c2178c6784c0c"
            ],
            "markers": "sys_platform != 'win32'",
            "version": "==4.8.0"
        },
        "pickleshare": {
            "hashes": [
                "sha256:87683d47965c1da65cdacaf31c8441d12b8044cdec9aca500cd78fc2c683afca",
                "sha256:9649af414d74d4df115d5d718f82acb59c9d418196b7b4290ed47a12ce62df56"
            ],
            "version": "==0.7.5"
        },
        "pkginfo": {
            "hashes": [
                "sha256:ac03e37e4d601aaee40f8087f63fc4a2a6c9814dda2c8fa6aab1b1829653bdfa",
                "sha256:d580059503f2f4549ad6e4c106d7437356dbd430e2c7df99ee1efe03d75f691e"
            ],
            "markers": "python_version >= '3.6'",
            "version": "==1.9.2"
        },
        "prompt-toolkit": {
            "hashes": [
                "sha256:37925b37a4af1f6448c76b7606e0285f79f434ad246dda007a27411cca730c6d",
                "sha256:dd4fca02c8069497ad931a2d09914c6b0d1b50151ce876bc15bde4c747090126",
                "sha256:f7eec66105baf40eda9ab026cd8b2e251337eea8d111196695d82e0c5f0af852"
            ],
            "version": "==1.0.18"
        },
        "ptyprocess": {
            "hashes": [
                "sha256:4b41f3967fce3af57cc7e94b888626c18bf37a083e3651ca8feeb66d492fef35",
                "sha256:5c5d0a3b48ceee0b48485e0c26037c0acd7d29765ca3fbb5cb3831d347423220"
            ],
            "version": "==0.7.0"
        },
        "pycodestyle": {
            "hashes": [
                "sha256:682256a5b318149ca0d2a9185d365d8864a768a28db66a84a2ea946bcc426766",
                "sha256:6c4245ade1edfad79c3446fadfc96b0de2759662dc29d07d80a6f27ad1ca6ba9"
            ],
            "version": "==2.3.1"
        },
        "pyflakes": {
            "hashes": [
                "sha256:08bd6a50edf8cffa9fa09a463063c425ecaaf10d1eb0335a7e8b1401aef89e6f",
                "sha256:8d616a382f243dbf19b54743f280b80198be0bca3a5396f1d2e1fca6223e8805"
            ],
            "version": "==1.6.0"
        },
        "pygments": {
            "hashes": [
                "sha256:56a8508ae95f98e2b9bdf93a6be5ae3f7d8af858b43e02c5a2ff083726be40c1",
                "sha256:f643f331ab57ba3c9d89212ee4a2dabc6e94f117cf4eefde99a0574720d14c42"
            ],
            "markers": "python_version >= '3.6'",
            "version": "==2.13.0"
        },
        "python-dateutil": {
            "hashes": [
                "sha256:891c38b2a02f5bb1be3e4793866c8df49c7d19baabf9c1bad62547e0b4866aca",
                "sha256:95511bae634d69bc7329ba55e646499a842bc4ec342ad54a8cdb65645a0aad3c"
            ],
            "index": "pypi",
            "version": "==2.6.1"
        },
        "pytz": {
            "hashes": [
                "sha256:a061aa0a9e06881eb8b3b2b43f05b9439d6583c206d0a6c340ff72a7b6669053",
                "sha256:ffb9ef1de172603304d9d2819af6f5ece76f2e85ec10692a524dd876e72bf277"
            ],
            "index": "pypi",
            "version": "==2018.5"
        },
        "requests": {
            "hashes": [
                "sha256:63b52e3c866428a224f97cab011de738c36aec0185aa91cfacd418b5d58911d1",
                "sha256:ec22d826a36ed72a7358ff3fe56cbd4ba69dd7a6718ffd450ff0e9df7a47ce6a"
            ],
            "index": "pypi",
            "version": "==2.19.1"
        },
        "requests-toolbelt": {
            "hashes": [
                "sha256:18565aa58116d9951ac39baa288d3adb5b3ff975c4f25eee78555d89e8f247f7",
                "sha256:62e09f7ff5ccbda92772a29f394a49c3ad6cb181d568b1337626b2abb628a63d"
            ],
            "markers": "python_version >= '2.7' and python_version not in '3.0, 3.1, 3.2, 3.3'",
            "version": "==0.10.1"
        },
        "setuptools": {
            "hashes": [
                "sha256:57f6f22bde4e042978bcd50176fdb381d7c21a9efa4041202288d3737a0c6a54",
                "sha256:a7620757bf984b58deaf32fc8a4577a9bbc0850cf92c20e1ce41c38c19e5fb75"
            ],
            "markers": "python_version >= '3.7'",
            "version": "==65.6.3"
        },
        "simplegeneric": {
            "hashes": [
                "sha256:dc972e06094b9af5b855b3df4a646395e43d1c9d0d39ed345b7393560d0b9173"
            ],
            "version": "==0.8.1"
        },
        "six": {
            "hashes": [
                "sha256:70e8a77beed4562e7f14fe23a786b54f6296e34344c23bc42f07b15018ff98e9",
                "sha256:832dc0e10feb1aa2c68dcc57dbb658f1c7e65b9b61af69048abc87a2db00a0eb"
            ],
            "index": "pypi",
            "version": "==1.11.0"
        },
        "tblib": {
            "hashes": [
                "sha256:436e4200e63d92316551179dc540906652878df4ff39b43db30fcf6400444fe7",
                "sha256:9bae4b8c44b06af0e114bfc4d5f6aa3eafd2119af5a4dcab34f51f1665f16c59"
            ],
            "index": "pypi",
            "version": "==1.3.2"
        },
        "tqdm": {
            "hashes": [
                "sha256:5f4f682a004951c1b450bc753c710e9280c5746ce6ffedee253ddbcbf54cf1e4",
                "sha256:6fee160d6ffcd1b1c68c65f14c829c22832bc401726335ce92c52d395944a6a1"
            ],
            "markers": "python_version >= '2.7' and python_version not in '3.0, 3.1, 3.2, 3.3'",
            "version": "==4.64.1"
        },
        "traitlets": {
            "hashes": [
                "sha256:10b6ed1c9cedee83e795db70a8b9c2db157bb3778ec4587a349ecb7ef3b1033b",
                "sha256:1410755385d778aed847d68deb99b3ba30fbbf489e17a1e8cbb753060d5cce73"
            ],
            "markers": "python_version >= '3.7'",
            "version": "==5.6.0"
        },
        "twine": {
            "hashes": [
                "sha256:08eb132bbaec40c6d25b358f546ec1dc96ebd2638a86eea68769d9e67fe2b129",
                "sha256:2fd9a4d9ff0bcacf41fdc40c8cb0cfaef1f1859457c9653fd1b92237cc4e9f25"
            ],
            "index": "pypi",
            "version": "==1.11.0"
        },
        "urllib3": {
            "hashes": [
                "sha256:a68ac5e15e76e7e5dd2b8f94007233e01effe3e50e8daddf69acfd81cb686baf",
                "sha256:b5725a0bd4ba422ab0e66e89e030c806576753ea3ee08554382c14e685d117b5"
            ],
            "markers": "python_version >= '2.6' and python_version not in '3.0, 3.1, 3.2, 3.3' and python_version < '4'",
            "version": "==1.23"
        },
        "wcwidth": {
            "hashes": [
                "sha256:beb4802a9cebb9144e99086eff703a642a13d6a0052920003a230f3294bbe784",
                "sha256:c4d647b99872929fdb7bdcaa4fbe7f01413ed3d98077df798530e5b04f116c83"
            ],
            "version": "==0.2.5"
        },
        "werkzeug": {
            "hashes": [
                "sha256:7ea2d48322cc7c0f8b3a215ed73eabd7b5d75d0b50e31ab006286ccff9e00b8f",
                "sha256:f979ab81f58d7318e064e99c4506445d60135ac5cd2e177a2de0089bfd4c9bd5"
            ],
            "markers": "python_version >= '3.7'",
            "version": "==2.2.2"
        },
        "xmltodict": {
            "hashes": [
                "sha256:341595a488e3e01a85a9d8911d8912fd922ede5fecc4dce437eb4b6c8d037e56",
                "sha256:aa89e8fd76320154a40d19a0df04a4695fb9dc5ba977cbb68ab3e4eb225e7852"
            ],
            "markers": "python_version >= '3.4'",
            "version": "==0.13.0"
        }
    }
}
